// !$*UTF8*$!
{
	archiveVersion = 1;
	classes = {
	};
	objectVersion = 50;
	objects = {

/* Begin PBXBuildFile section */
		9DDAC34C25E9DD7800FE4F2A /* AppDelegate.swift in Sources */ = {isa = PBXBuildFile; fileRef = 9DDAC34B25E9DD7800FE4F2A /* AppDelegate.swift */; };
		9DDAC34E25E9DD7800FE4F2A /* SceneDelegate.swift in Sources */ = {isa = PBXBuildFile; fileRef = 9DDAC34D25E9DD7800FE4F2A /* SceneDelegate.swift */; };
		9DDAC35025E9DD7800FE4F2A /* ViewController.swift in Sources */ = {isa = PBXBuildFile; fileRef = 9DDAC34F25E9DD7800FE4F2A /* ViewController.swift */; };
		9DDAC35325E9DD7800FE4F2A /* Main.storyboard in Resources */ = {isa = PBXBuildFile; fileRef = 9DDAC35125E9DD7800FE4F2A /* Main.storyboard */; };
		9DDAC35525E9DD7F00FE4F2A /* Assets.xcassets in Resources */ = {isa = PBXBuildFile; fileRef = 9DDAC35425E9DD7F00FE4F2A /* Assets.xcassets */; };
		9DDAC35825E9DD7F00FE4F2A /* LaunchScreen.storyboard in Resources */ = {isa = PBXBuildFile; fileRef = 9DDAC35625E9DD7F00FE4F2A /* LaunchScreen.storyboard */; };
		9DDAC36325E9DD7F00FE4F2A /* PointsOnMapTests.swift in Sources */ = {isa = PBXBuildFile; fileRef = 9DDAC36225E9DD7F00FE4F2A /* PointsOnMapTests.swift */; };
		9DDAC36E25E9DD7F00FE4F2A /* PointsOnMapUITests.swift in Sources */ = {isa = PBXBuildFile; fileRef = 9DDAC36D25E9DD7F00FE4F2A /* PointsOnMapUITests.swift */; };
		9DDAC39025E9F8DE00FE4F2A /* addresses.txt in Resources */ = {isa = PBXBuildFile; fileRef = 9DDAC38F25E9F8DE00FE4F2A /* addresses.txt */; };
		9DDAC39B25EAD27400FE4F2A /* placeholder (1).png in Resources */ = {isa = PBXBuildFile; fileRef = 9DDAC39A25EAD27400FE4F2A /* placeholder (1).png */; };
/* End PBXBuildFile section */

/* Begin PBXContainerItemProxy section */
		9DDAC35F25E9DD7F00FE4F2A /* PBXContainerItemProxy */ = {
			isa = PBXContainerItemProxy;
			containerPortal = 9DDAC34025E9DD7800FE4F2A /* Project object */;
			proxyType = 1;
			remoteGlobalIDString = 9DDAC34725E9DD7800FE4F2A;
			remoteInfo = PointsOnMap;
		};
		9DDAC36A25E9DD7F00FE4F2A /* PBXContainerItemProxy */ = {
			isa = PBXContainerItemProxy;
			containerPortal = 9DDAC34025E9DD7800FE4F2A /* Project object */;
			proxyType = 1;
			remoteGlobalIDString = 9DDAC34725E9DD7800FE4F2A;
			remoteInfo = PointsOnMap;
		};
/* End PBXContainerItemProxy section */

/* Begin PBXFileReference section */
		9DDAC34825E9DD7800FE4F2A /* PointsOnMap.app */ = {isa = PBXFileReference; explicitFileType = wrapper.application; includeInIndex = 0; path = PointsOnMap.app; sourceTree = BUILT_PRODUCTS_DIR; };
		9DDAC34B25E9DD7800FE4F2A /* AppDelegate.swift */ = {isa = PBXFileReference; lastKnownFileType = sourcecode.swift; path = AppDelegate.swift; sourceTree = "<group>"; };
		9DDAC34D25E9DD7800FE4F2A /* SceneDelegate.swift */ = {isa = PBXFileReference; lastKnownFileType = sourcecode.swift; path = SceneDelegate.swift; sourceTree = "<group>"; };
		9DDAC34F25E9DD7800FE4F2A /* ViewController.swift */ = {isa = PBXFileReference; lastKnownFileType = sourcecode.swift; path = ViewController.swift; sourceTree = "<group>"; };
		9DDAC35225E9DD7800FE4F2A /* Base */ = {isa = PBXFileReference; lastKnownFileType = file.storyboard; name = Base; path = Base.lproj/Main.storyboard; sourceTree = "<group>"; };
		9DDAC35425E9DD7F00FE4F2A /* Assets.xcassets */ = {isa = PBXFileReference; lastKnownFileType = folder.assetcatalog; path = Assets.xcassets; sourceTree = "<group>"; };
		9DDAC35725E9DD7F00FE4F2A /* Base */ = {isa = PBXFileReference; lastKnownFileType = file.storyboard; name = Base; path = Base.lproj/LaunchScreen.storyboard; sourceTree = "<group>"; };
		9DDAC35925E9DD7F00FE4F2A /* Info.plist */ = {isa = PBXFileReference; lastKnownFileType = text.plist.xml; path = Info.plist; sourceTree = "<group>"; };
		9DDAC35E25E9DD7F00FE4F2A /* PointsOnMapTests.xctest */ = {isa = PBXFileReference; explicitFileType = wrapper.cfbundle; includeInIndex = 0; path = PointsOnMapTests.xctest; sourceTree = BUILT_PRODUCTS_DIR; };
		9DDAC36225E9DD7F00FE4F2A /* PointsOnMapTests.swift */ = {isa = PBXFileReference; lastKnownFileType = sourcecode.swift; path = PointsOnMapTests.swift; sourceTree = "<group>"; };
		9DDAC36425E9DD7F00FE4F2A /* Info.plist */ = {isa = PBXFileReference; lastKnownFileType = text.plist.xml; path = Info.plist; sourceTree = "<group>"; };
		9DDAC36925E9DD7F00FE4F2A /* PointsOnMapUITests.xctest */ = {isa = PBXFileReference; explicitFileType = wrapper.cfbundle; includeInIndex = 0; path = PointsOnMapUITests.xctest; sourceTree = BUILT_PRODUCTS_DIR; };
		9DDAC36D25E9DD7F00FE4F2A /* PointsOnMapUITests.swift */ = {isa = PBXFileReference; lastKnownFileType = sourcecode.swift; path = PointsOnMapUITests.swift; sourceTree = "<group>"; };
		9DDAC36F25E9DD7F00FE4F2A /* Info.plist */ = {isa = PBXFileReference; lastKnownFileType = text.plist.xml; path = Info.plist; sourceTree = "<group>"; };
		9DDAC38F25E9F8DE00FE4F2A /* addresses.txt */ = {isa = PBXFileReference; fileEncoding = 4; lastKnownFileType = text; path = addresses.txt; sourceTree = "<group>"; };
		9DDAC39A25EAD27400FE4F2A /* placeholder (1).png */ = {isa = PBXFileReference; lastKnownFileType = image.png; path = "placeholder (1).png"; sourceTree = "<group>"; };
/* End PBXFileReference section */

/* Begin PBXFrameworksBuildPhase section */
		9DDAC34525E9DD7800FE4F2A /* Frameworks */ = {
			isa = PBXFrameworksBuildPhase;
			buildActionMask = 2147483647;
			files = (
			);
			runOnlyForDeploymentPostprocessing = 0;
		};
		9DDAC35B25E9DD7F00FE4F2A /* Frameworks */ = {
			isa = PBXFrameworksBuildPhase;
			buildActionMask = 2147483647;
			files = (
			);
			runOnlyForDeploymentPostprocessing = 0;
		};
		9DDAC36625E9DD7F00FE4F2A /* Frameworks */ = {
			isa = PBXFrameworksBuildPhase;
			buildActionMask = 2147483647;
			files = (
			);
			runOnlyForDeploymentPostprocessing = 0;
		};
/* End PBXFrameworksBuildPhase section */

/* Begin PBXGroup section */
		9DDAC33F25E9DD7800FE4F2A = {
			isa = PBXGroup;
			children = (
				9DDAC34A25E9DD7800FE4F2A /* PointsOnMap */,
				9DDAC36125E9DD7F00FE4F2A /* PointsOnMapTests */,
				9DDAC36C25E9DD7F00FE4F2A /* PointsOnMapUITests */,
				9DDAC34925E9DD7800FE4F2A /* Products */,
			);
			sourceTree = "<group>";
		};
		9DDAC34925E9DD7800FE4F2A /* Products */ = {
			isa = PBXGroup;
			children = (
				9DDAC34825E9DD7800FE4F2A /* PointsOnMap.app */,
				9DDAC35E25E9DD7F00FE4F2A /* PointsOnMapTests.xctest */,
				9DDAC36925E9DD7F00FE4F2A /* PointsOnMapUITests.xctest */,
			);
			name = Products;
			sourceTree = "<group>";
		};
		9DDAC34A25E9DD7800FE4F2A /* PointsOnMap */ = {
			isa = PBXGroup;
			children = (
				9DDAC38F25E9F8DE00FE4F2A /* addresses.txt */,
				9DDAC34B25E9DD7800FE4F2A /* AppDelegate.swift */,
				9DDAC34D25E9DD7800FE4F2A /* SceneDelegate.swift */,
				9DDAC34F25E9DD7800FE4F2A /* ViewController.swift */,
				9DDAC35125E9DD7800FE4F2A /* Main.storyboard */,
				9DDAC39A25EAD27400FE4F2A /* placeholder (1).png */,
				9DDAC35425E9DD7F00FE4F2A /* Assets.xcassets */,
				9DDAC35625E9DD7F00FE4F2A /* LaunchScreen.storyboard */,
				9DDAC35925E9DD7F00FE4F2A /* Info.plist */,
			);
			path = PointsOnMap;
			sourceTree = "<group>";
		};
		9DDAC36125E9DD7F00FE4F2A /* PointsOnMapTests */ = {
			isa = PBXGroup;
			children = (
				9DDAC36225E9DD7F00FE4F2A /* PointsOnMapTests.swift */,
				9DDAC36425E9DD7F00FE4F2A /* Info.plist */,
			);
			path = PointsOnMapTests;
			sourceTree = "<group>";
		};
		9DDAC36C25E9DD7F00FE4F2A /* PointsOnMapUITests */ = {
			isa = PBXGroup;
			children = (
				9DDAC36D25E9DD7F00FE4F2A /* PointsOnMapUITests.swift */,
				9DDAC36F25E9DD7F00FE4F2A /* Info.plist */,
			);
			path = PointsOnMapUITests;
			sourceTree = "<group>";
		};
/* End PBXGroup section */

/* Begin PBXNativeTarget section */
		9DDAC34725E9DD7800FE4F2A /* PointsOnMap */ = {
			isa = PBXNativeTarget;
			buildConfigurationList = 9DDAC37225E9DD7F00FE4F2A /* Build configuration list for PBXNativeTarget "PointsOnMap" */;
			buildPhases = (
				9DDAC34425E9DD7800FE4F2A /* Sources */,
				9DDAC34525E9DD7800FE4F2A /* Frameworks */,
				9DDAC34625E9DD7800FE4F2A /* Resources */,
			);
			buildRules = (
			);
			dependencies = (
			);
			name = PointsOnMap;
			productName = PointsOnMap;
			productReference = 9DDAC34825E9DD7800FE4F2A /* PointsOnMap.app */;
			productType = "com.apple.product-type.application";
		};
		9DDAC35D25E9DD7F00FE4F2A /* PointsOnMapTests */ = {
			isa = PBXNativeTarget;
			buildConfigurationList = 9DDAC37525E9DD7F00FE4F2A /* Build configuration list for PBXNativeTarget "PointsOnMapTests" */;
			buildPhases = (
				9DDAC35A25E9DD7F00FE4F2A /* Sources */,
				9DDAC35B25E9DD7F00FE4F2A /* Frameworks */,
				9DDAC35C25E9DD7F00FE4F2A /* Resources */,
			);
			buildRules = (
			);
			dependencies = (
				9DDAC36025E9DD7F00FE4F2A /* PBXTargetDependency */,
			);
			name = PointsOnMapTests;
			productName = PointsOnMapTests;
			productReference = 9DDAC35E25E9DD7F00FE4F2A /* PointsOnMapTests.xctest */;
			productType = "com.apple.product-type.bundle.unit-test";
		};
		9DDAC36825E9DD7F00FE4F2A /* PointsOnMapUITests */ = {
			isa = PBXNativeTarget;
			buildConfigurationList = 9DDAC37825E9DD7F00FE4F2A /* Build configuration list for PBXNativeTarget "PointsOnMapUITests" */;
			buildPhases = (
				9DDAC36525E9DD7F00FE4F2A /* Sources */,
				9DDAC36625E9DD7F00FE4F2A /* Frameworks */,
				9DDAC36725E9DD7F00FE4F2A /* Resources */,
			);
			buildRules = (
			);
			dependencies = (
				9DDAC36B25E9DD7F00FE4F2A /* PBXTargetDependency */,
			);
			name = PointsOnMapUITests;
			productName = PointsOnMapUITests;
			productReference = 9DDAC36925E9DD7F00FE4F2A /* PointsOnMapUITests.xctest */;
			productType = "com.apple.product-type.bundle.ui-testing";
		};
/* End PBXNativeTarget section */

/* Begin PBXProject section */
		9DDAC34025E9DD7800FE4F2A /* Project object */ = {
			isa = PBXProject;
			attributes = {
				LastSwiftUpdateCheck = 1240;
				LastUpgradeCheck = 1240;
				TargetAttributes = {
					9DDAC34725E9DD7800FE4F2A = {
						CreatedOnToolsVersion = 12.4;
					};
					9DDAC35D25E9DD7F00FE4F2A = {
						CreatedOnToolsVersion = 12.4;
						TestTargetID = 9DDAC34725E9DD7800FE4F2A;
					};
					9DDAC36825E9DD7F00FE4F2A = {
						CreatedOnToolsVersion = 12.4;
						TestTargetID = 9DDAC34725E9DD7800FE4F2A;
					};
				};
			};
			buildConfigurationList = 9DDAC34325E9DD7800FE4F2A /* Build configuration list for PBXProject "PointsOnMap" */;
			compatibilityVersion = "Xcode 9.3";
			developmentRegion = en;
			hasScannedForEncodings = 0;
			knownRegions = (
				en,
				Base,
			);
			mainGroup = 9DDAC33F25E9DD7800FE4F2A;
			productRefGroup = 9DDAC34925E9DD7800FE4F2A /* Products */;
			projectDirPath = "";
			projectRoot = "";
			targets = (
				9DDAC34725E9DD7800FE4F2A /* PointsOnMap */,
				9DDAC35D25E9DD7F00FE4F2A /* PointsOnMapTests */,
				9DDAC36825E9DD7F00FE4F2A /* PointsOnMapUITests */,
			);
		};
/* End PBXProject section */

/* Begin PBXResourcesBuildPhase section */
		9DDAC34625E9DD7800FE4F2A /* Resources */ = {
			isa = PBXResourcesBuildPhase;
			buildActionMask = 2147483647;
			files = (
				9DDAC39025E9F8DE00FE4F2A /* addresses.txt in Resources */,
				9DDAC35825E9DD7F00FE4F2A /* LaunchScreen.storyboard in Resources */,
				9DDAC39B25EAD27400FE4F2A /* placeholder (1).png in Resources */,
				9DDAC35525E9DD7F00FE4F2A /* Assets.xcassets in Resources */,
				9DDAC35325E9DD7800FE4F2A /* Main.storyboard in Resources */,
			);
			runOnlyForDeploymentPostprocessing = 0;
		};
		9DDAC35C25E9DD7F00FE4F2A /* Resources */ = {
			isa = PBXResourcesBuildPhase;
			buildActionMask = 2147483647;
			files = (
			);
			runOnlyForDeploymentPostprocessing = 0;
		};
		9DDAC36725E9DD7F00FE4F2A /* Resources */ = {
			isa = PBXResourcesBuildPhase;
			buildActionMask = 2147483647;
			files = (
			);
			runOnlyForDeploymentPostprocessing = 0;
		};
/* End PBXResourcesBuildPhase section */

/* Begin PBXSourcesBuildPhase section */
		9DDAC34425E9DD7800FE4F2A /* Sources */ = {
			isa = PBXSourcesBuildPhase;
			buildActionMask = 2147483647;
			files = (
				9DDAC35025E9DD7800FE4F2A /* ViewController.swift in Sources */,
				9DDAC34C25E9DD7800FE4F2A /* AppDelegate.swift in Sources */,
				9DDAC34E25E9DD7800FE4F2A /* SceneDelegate.swift in Sources */,
			);
			runOnlyForDeploymentPostprocessing = 0;
		};
		9DDAC35A25E9DD7F00FE4F2A /* Sources */ = {
			isa = PBXSourcesBuildPhase;
			buildActionMask = 2147483647;
			files = (
				9DDAC36325E9DD7F00FE4F2A /* PointsOnMapTests.swift in Sources */,
			);
			runOnlyForDeploymentPostprocessing = 0;
		};
		9DDAC36525E9DD7F00FE4F2A /* Sources */ = {
			isa = PBXSourcesBuildPhase;
			buildActionMask = 2147483647;
			files = (
				9DDAC36E25E9DD7F00FE4F2A /* PointsOnMapUITests.swift in Sources */,
			);
			runOnlyForDeploymentPostprocessing = 0;
		};
/* End PBXSourcesBuildPhase section */

/* Begin PBXTargetDependency section */
		9DDAC36025E9DD7F00FE4F2A /* PBXTargetDependency */ = {
			isa = PBXTargetDependency;
			target = 9DDAC34725E9DD7800FE4F2A /* PointsOnMap */;
			targetProxy = 9DDAC35F25E9DD7F00FE4F2A /* PBXContainerItemProxy */;
		};
		9DDAC36B25E9DD7F00FE4F2A /* PBXTargetDependency */ = {
			isa = PBXTargetDependency;
			target = 9DDAC34725E9DD7800FE4F2A /* PointsOnMap */;
			targetProxy = 9DDAC36A25E9DD7F00FE4F2A /* PBXContainerItemProxy */;
		};
/* End PBXTargetDependency section */

/* Begin PBXVariantGroup section */
		9DDAC35125E9DD7800FE4F2A /* Main.storyboard */ = {
			isa = PBXVariantGroup;
			children = (
				9DDAC35225E9DD7800FE4F2A /* Base */,
			);
			name = Main.storyboard;
			sourceTree = "<group>";
		};
		9DDAC35625E9DD7F00FE4F2A /* LaunchScreen.storyboard */ = {
			isa = PBXVariantGroup;
			children = (
				9DDAC35725E9DD7F00FE4F2A /* Base */,
			);
			name = LaunchScreen.storyboard;
			sourceTree = "<group>";
		};
/* End PBXVariantGroup section */

/* Begin XCBuildConfiguration section */
		9DDAC37025E9DD7F00FE4F2A /* Debug */ = {
			isa = XCBuildConfiguration;
			buildSettings = {
				ALWAYS_SEARCH_USER_PATHS = NO;
				CLANG_ANALYZER_NONNULL = YES;
				CLANG_ANALYZER_NUMBER_OBJECT_CONVERSION = YES_AGGRESSIVE;
				CLANG_CXX_LANGUAGE_STANDARD = "gnu++14";
				CLANG_CXX_LIBRARY = "libc++";
				CLANG_ENABLE_MODULES = YES;
				CLANG_ENABLE_OBJC_ARC = YES;
				CLANG_ENABLE_OBJC_WEAK = YES;
				CLANG_WARN_BLOCK_CAPTURE_AUTORELEASING = YES;
				CLANG_WARN_BOOL_CONVERSION = YES;
				CLANG_WARN_COMMA = YES;
				CLANG_WARN_CONSTANT_CONVERSION = YES;
				CLANG_WARN_DEPRECATED_OBJC_IMPLEMENTATIONS = YES;
				CLANG_WARN_DIRECT_OBJC_ISA_USAGE = YES_ERROR;
				CLANG_WARN_DOCUMENTATION_COMMENTS = YES;
				CLANG_WARN_EMPTY_BODY = YES;
				CLANG_WARN_ENUM_CONVERSION = YES;
				CLANG_WARN_INFINITE_RECURSION = YES;
				CLANG_WARN_INT_CONVERSION = YES;
				CLANG_WARN_NON_LITERAL_NULL_CONVERSION = YES;
				CLANG_WARN_OBJC_IMPLICIT_RETAIN_SELF = YES;
				CLANG_WARN_OBJC_LITERAL_CONVERSION = YES;
				CLANG_WARN_OBJC_ROOT_CLASS = YES_ERROR;
				CLANG_WARN_QUOTED_INCLUDE_IN_FRAMEWORK_HEADER = YES;
				CLANG_WARN_RANGE_LOOP_ANALYSIS = YES;
				CLANG_WARN_STRICT_PROTOTYPES = YES;
				CLANG_WARN_SUSPICIOUS_MOVE = YES;
				CLANG_WARN_UNGUARDED_AVAILABILITY = YES_AGGRESSIVE;
				CLANG_WARN_UNREACHABLE_CODE = YES;
				CLANG_WARN__DUPLICATE_METHOD_MATCH = YES;
				COPY_PHASE_STRIP = NO;
				DEBUG_INFORMATION_FORMAT = dwarf;
				ENABLE_STRICT_OBJC_MSGSEND = YES;
				ENABLE_TESTABILITY = YES;
				GCC_C_LANGUAGE_STANDARD = gnu11;
				GCC_DYNAMIC_NO_PIC = NO;
				GCC_NO_COMMON_BLOCKS = YES;
				GCC_OPTIMIZATION_LEVEL = 0;
				GCC_PREPROCESSOR_DEFINITIONS = (
					"DEBUG=1",
					"$(inherited)",
				);
				GCC_WARN_64_TO_32_BIT_CONVERSION = YES;
				GCC_WARN_ABOUT_RETURN_TYPE = YES_ERROR;
				GCC_WARN_UNDECLARED_SELECTOR = YES;
				GCC_WARN_UNINITIALIZED_AUTOS = YES_AGGRESSIVE;
				GCC_WARN_UNUSED_FUNCTION = YES;
				GCC_WARN_UNUSED_VARIABLE = YES;
				IPHONEOS_DEPLOYMENT_TARGET = 14.4;
				MTL_ENABLE_DEBUG_INFO = INCLUDE_SOURCE;
				MTL_FAST_MATH = YES;
				ONLY_ACTIVE_ARCH = YES;
				SDKROOT = iphoneos;
				SWIFT_ACTIVE_COMPILATION_CONDITIONS = DEBUG;
				SWIFT_OPTIMIZATION_LEVEL = "-Onone";
			};
			name = Debug;
		};
		9DDAC37125E9DD7F00FE4F2A /* Release */ = {
			isa = XCBuildConfiguration;
			buildSettings = {
				ALWAYS_SEARCH_USER_PATHS = NO;
				CLANG_ANALYZER_NONNULL = YES;
				CLANG_ANALYZER_NUMBER_OBJECT_CONVERSION = YES_AGGRESSIVE;
				CLANG_CXX_LANGUAGE_STANDARD = "gnu++14";
				CLANG_CXX_LIBRARY = "libc++";
				CLANG_ENABLE_MODULES = YES;
				CLANG_ENABLE_OBJC_ARC = YES;
				CLANG_ENABLE_OBJC_WEAK = YES;
				CLANG_WARN_BLOCK_CAPTURE_AUTORELEASING = YES;
				CLANG_WARN_BOOL_CONVERSION = YES;
				CLANG_WARN_COMMA = YES;
				CLANG_WARN_CONSTANT_CONVERSION = YES;
				CLANG_WARN_DEPRECATED_OBJC_IMPLEMENTATIONS = YES;
				CLANG_WARN_DIRECT_OBJC_ISA_USAGE = YES_ERROR;
				CLANG_WARN_DOCUMENTATION_COMMENTS = YES;
				CLANG_WARN_EMPTY_BODY = YES;
				CLANG_WARN_ENUM_CONVERSION = YES;
				CLANG_WARN_INFINITE_RECURSION = YES;
				CLANG_WARN_INT_CONVERSION = YES;
				CLANG_WARN_NON_LITERAL_NULL_CONVERSION = YES;
				CLANG_WARN_OBJC_IMPLICIT_RETAIN_SELF = YES;
				CLANG_WARN_OBJC_LITERAL_CONVERSION = YES;
				CLANG_WARN_OBJC_ROOT_CLASS = YES_ERROR;
				CLANG_WARN_QUOTED_INCLUDE_IN_FRAMEWORK_HEADER = YES;
				CLANG_WARN_RANGE_LOOP_ANALYSIS = YES;
				CLANG_WARN_STRICT_PROTOTYPES = YES;
				CLANG_WARN_SUSPICIOUS_MOVE = YES;
				CLANG_WARN_UNGUARDED_AVAILABILITY = YES_AGGRESSIVE;
				CLANG_WARN_UNREACHABLE_CODE = YES;
				CLANG_WARN__DUPLICATE_METHOD_MATCH = YES;
				COPY_PHASE_STRIP = NO;
				DEBUG_INFORMATION_FORMAT = "dwarf-with-dsym";
				ENABLE_NS_ASSERTIONS = NO;
				ENABLE_STRICT_OBJC_MSGSEND = YES;
				GCC_C_LANGUAGE_STANDARD = gnu11;
				GCC_NO_COMMON_BLOCKS = YES;
				GCC_WARN_64_TO_32_BIT_CONVERSION = YES;
				GCC_WARN_ABOUT_RETURN_TYPE = YES_ERROR;
				GCC_WARN_UNDECLARED_SELECTOR = YES;
				GCC_WARN_UNINITIALIZED_AUTOS = YES_AGGRESSIVE;
				GCC_WARN_UNUSED_FUNCTION = YES;
				GCC_WARN_UNUSED_VARIABLE = YES;
				IPHONEOS_DEPLOYMENT_TARGET = 14.4;
				MTL_ENABLE_DEBUG_INFO = NO;
				MTL_FAST_MATH = YES;
				SDKROOT = iphoneos;
				SWIFT_COMPILATION_MODE = wholemodule;
				SWIFT_OPTIMIZATION_LEVEL = "-O";
				VALIDATE_PRODUCT = YES;
			};
			name = Release;
		};
		9DDAC37325E9DD7F00FE4F2A /* Debug */ = {
			isa = XCBuildConfiguration;
			buildSettings = {
				ASSETCATALOG_COMPILER_APPICON_NAME = AppIcon;
				ASSETCATALOG_COMPILER_GLOBAL_ACCENT_COLOR_NAME = AccentColor;
				CODE_SIGN_STYLE = Automatic;
				DEVELOPMENT_TEAM = 8669388SG2;
				INFOPLIST_FILE = PointsOnMap/Info.plist;
				LD_RUNPATH_SEARCH_PATHS = (
					"$(inherited)",
					"@executable_path/Frameworks",
				);
				PRODUCT_BUNDLE_IDENTIFIER = com.thuitema.PointsOnMap;
				PRODUCT_NAME = "$(TARGET_NAME)";
				SWIFT_VERSION = 5.0;
				TARGETED_DEVICE_FAMILY = "1,2";
			};
			name = Debug;
		};
		9DDAC37425E9DD7F00FE4F2A /* Release */ = {
			isa = XCBuildConfiguration;
			buildSettings = {
				ASSETCATALOG_COMPILER_APPICON_NAME = AppIcon;
				ASSETCATALOG_COMPILER_GLOBAL_ACCENT_COLOR_NAME = AccentColor;
				CODE_SIGN_STYLE = Automatic;
				DEVELOPMENT_TEAM = 8669388SG2;
				INFOPLIST_FILE = PointsOnMap/Info.plist;
				LD_RUNPATH_SEARCH_PATHS = (
					"$(inherited)",
					"@executable_path/Frameworks",
				);
				PRODUCT_BUNDLE_IDENTIFIER = com.thuitema.PointsOnMap;
				PRODUCT_NAME = "$(TARGET_NAME)";
				SWIFT_VERSION = 5.0;
				TARGETED_DEVICE_FAMILY = "1,2";
			};
			name = Release;
		};
		9DDAC37625E9DD7F00FE4F2A /* Debug */ = {
			isa = XCBuildConfiguration;
			buildSettings = {
				ALWAYS_EMBED_SWIFT_STANDARD_LIBRARIES = YES;
				BUNDLE_LOADER = "$(TEST_HOST)";
				CODE_SIGN_STYLE = Automatic;
				DEVELOPMENT_TEAM = 8669388SG2;
				INFOPLIST_FILE = PointsOnMapTests/Info.plist;
				IPHONEOS_DEPLOYMENT_TARGET = 14.4;
				LD_RUNPATH_SEARCH_PATHS = (
					"$(inherited)",
					"@executable_path/Frameworks",
					"@loader_path/Frameworks",
				);
				PRODUCT_BUNDLE_IDENTIFIER = com.thuitema.PointsOnMapTests;
				PRODUCT_NAME = "$(TARGET_NAME)";
				SWIFT_VERSION = 5.0;
				TARGETED_DEVICE_FAMILY = "1,2";
				TEST_HOST = "$(BUILT_PRODUCTS_DIR)/PointsOnMap.app/PointsOnMap";
			};
			name = Debug;
		};
		9DDAC37725E9DD7F00FE4F2A /* Release */ = {
			isa = XCBuildConfiguration;
			buildSettings = {
				ALWAYS_EMBED_SWIFT_STANDARD_LIBRARIES = YES;
				BUNDLE_LOADER = "$(TEST_HOST)";
				CODE_SIGN_STYLE = Automatic;
				DEVELOPMENT_TEAM = 8669388SG2;
				INFOPLIST_FILE = PointsOnMapTests/Info.plist;
				IPHONEOS_DEPLOYMENT_TARGET = 14.4;
				LD_RUNPATH_SEARCH_PATHS = (
					"$(inherited)",
					"@executable_path/Frameworks",
					"@loader_path/Frameworks",
				);
				PRODUCT_BUNDLE_IDENTIFIER = com.thuitema.PointsOnMapTests;
				PRODUCT_NAME = "$(TARGET_NAME)";
				SWIFT_VERSION = 5.0;
				TARGETED_DEVICE_FAMILY = "1,2";
				TEST_HOST = "$(BUILT_PRODUCTS_DIR)/PointsOnMap.app/PointsOnMap";
			};
			name = Release;
		};
		9DDAC37925E9DD7F00FE4F2A /* Debug */ = {
			isa = XCBuildConfiguration;
			buildSettings = {
				ALWAYS_EMBED_SWIFT_STANDARD_LIBRARIES = YES;
				CODE_SIGN_STYLE = Automatic;
				DEVELOPMENT_TEAM = 8669388SG2;
				INFOPLIST_FILE = PointsOnMapUITests/Info.plist;
				LD_RUNPATH_SEARCH_PATHS = (
					"$(inherited)",
					"@executable_path/Frameworks",
					"@loader_path/Frameworks",
				);
				PRODUCT_BUNDLE_IDENTIFIER = com.thuitema.PointsOnMapUITests;
				PRODUCT_NAME = "$(TARGET_NAME)";
				SWIFT_VERSION = 5.0;
				TARGETED_DEVICE_FAMILY = "1,2";
				TEST_TARGET_NAME = PointsOnMap;
			};
			name = Debug;
		};
		9DDAC37A25E9DD7F00FE4F2A /* Release */ = {
			isa = XCBuildConfiguration;
			buildSettings = {
				ALWAYS_EMBED_SWIFT_STANDARD_LIBRARIES = YES;
				CODE_SIGN_STYLE = Automatic;
				DEVELOPMENT_TEAM = 8669388SG2;
				INFOPLIST_FILE = PointsOnMapUITests/Info.plist;
				LD_RUNPATH_SEARCH_PATHS = (
					"$(inherited)",
					"@executable_path/Frameworks",
					"@loader_path/Frameworks",
				);
				PRODUCT_BUNDLE_IDENTIFIER = com.thuitema.PointsOnMapUITests;
				PRODUCT_NAME = "$(TARGET_NAME)";
				SWIFT_VERSION = 5.0;
				TARGETED_DEVICE_FAMILY = "1,2";
				TEST_TARGET_NAME = PointsOnMap;
			};
			name = Release;
		};
/* End XCBuildConfiguration section */

/* Begin XCConfigurationList section */
		9DDAC34325E9DD7800FE4F2A /* Build configuration list for PBXProject "PointsOnMap" */ = {
			isa = XCConfigurationList;
			buildConfigurations = (
				9DDAC37025E9DD7F00FE4F2A /* Debug */,
				9DDAC37125E9DD7F00FE4F2A /* Release */,
			);
			defaultConfigurationIsVisible = 0;
			defaultConfigurationName = Release;
		};
		9DDAC37225E9DD7F00FE4F2A /* Build configuration list for PBXNativeTarget "PointsOnMap" */ = {
			isa = XCConfigurationList;
			buildConfigurations = (
				9DDAC37325E9DD7F00FE4F2A /* Debug */,
				9DDAC37425E9DD7F00FE4F2A /* Release */,
			);
			defaultConfigurationIsVisible = 0;
			defaultConfigurationName = Release;
		};
		9DDAC37525E9DD7F00FE4F2A /* Build configuration list for PBXNativeTarget "PointsOnMapTests" */ = {
			isa = XCConfigurationList;
			buildConfigurations = (
				9DDAC37625E9DD7F00FE4F2A /* Debug */,
				9DDAC37725E9DD7F00FE4F2A /* Release */,
			);
			defaultConfigurationIsVisible = 0;
			defaultConfigurationName = Release;
		};
		9DDAC37825E9DD7F00FE4F2A /* Build configuration list for PBXNativeTarget "PointsOnMapUITests" */ = {
			isa = XCConfigurationList;
			buildConfigurations = (
				9DDAC37925E9DD7F00FE4F2A /* Debug */,
				9DDAC37A25E9DD7F00FE4F2A /* Release */,
			);
			defaultConfigurationIsVisible = 0;
			defaultConfigurationName = Release;
		};
/* End XCConfigurationList section */
	};
	rootObject = 9DDAC34025E9DD7800FE4F2A /* Project object */;
}
